{
  "requires": true,
  "lockfileVersion": 1,
  "dependencies": {
    "@minui/wxc-icon": {
      "version": "1.0.9",
      "resolved": "https://registry.npmjs.org/@minui/wxc-icon/-/wxc-icon-1.0.9.tgz",
      "integrity": "sha512-ebEzCdGtdECW7fbxREHuCeeIJ52FKhjQneZqwvwU13jHs1Ic3tHZ1vcEcgkaexYD2zfhBilcbHiZpe3jbxssMg=="
    },
    "@minui/wxc-toast": {
      "version": "1.0.9",
      "resolved": "https://registry.npmjs.org/@minui/wxc-toast/-/wxc-toast-1.0.9.tgz",
      "integrity": "sha512-B8X1Q0Hzft1IlgPX0UN94k5Kvm+sHU/RwAU0ylqSQjawcj8UOsu69eeE7h6GwRKJlzKG+gqLCwhtDIK9lF0obA==",
      "requires": {
        "@minui/wxc-icon": "1.0.9"
      }
    }
  }
}
